{
  "name": "synology-surveilllance-station-switch-home-mode",
  "version": "1.0.0",
  "lockfileVersion": 3,
  "requires": true,
  "packages": {
    "": {
      "name": "synology-surveilllance-station-switch-home-mode",
      "version": "1.0.0",
      "license": "MIT",
      "dependencies": {
        "node-arp": "^1.0.6"
      },
      "bin": {
        "switch-home-mode": "main.js"
      }
    },
    "node_modules/node-arp": {
      "version": "1.0.6",
      "resolved": "https://registry.npmjs.org/node-arp/-/node-arp-1.0.6.tgz",
      "integrity": "sha512-miX3CXZv1CvsWeAeoB66GVbn8X0WEbcZTmpZBnIzK4t02YF7+JDeFxYWFcqcDDaM2d/vzUFTx4zxr+G1NBRmGQ==",
      "engines": {
        "node": "*"
      }
    }
  }
}
